
Microsoft Visual Studio Solution File, Format Version 12.00
# Visual Studio 15
VisualStudioVersion = 15.0.26124.0
MinimumVisualStudioVersion = 15.0.26124.0
Project("{FAE04EC0-301F-11D3-BF4B-00C04F79EFBC}") = "API", "API\API.csproj", "{0C0CD6D2-E937-420E-B57C-22C642FDDCE6}"
EndProject
Project("{FAE04EC0-301F-11D3-BF4B-00C04F79EFBC}") = "Core", "Core\Core.csproj", "{D5C20613-C86E-453B-A7B8-C3C928E8FEAF}"
EndProject
Project("{FAE04EC0-301F-11D3-BF4B-00C04F79EFBC}") = "Infrastructure", "Infrastructure\Infrastructure.csproj", "{9E629DC5-BEFC-4D79-8E6C-196DFDC6C67C}"
EndProject
Global
	GlobalSection(SolutionConfigurationPlatforms) = preSolution
		Debug|Any CPU = Debug|Any CPU
		Debug|x64 = Debug|x64
		Debug|x86 = Debug|x86
		Release|Any CPU = Release|Any CPU
		Release|x64 = Release|x64
		Release|x86 = Release|x86
	EndGlobalSection
	GlobalSection(SolutionProperties) = preSolution
		HideSolutionNode = FALSE
	EndGlobalSection
	GlobalSection(ProjectConfigurationPlatforms) = postSolution
		{0C0CD6D2-E937-420E-B57C-22C642FDDCE6}.Debug|Any CPU.ActiveCfg = Debug|Any CPU
		{0C0CD6D2-E937-420E-B57C-22C642FDDCE6}.Debug|Any CPU.Build.0 = Debug|Any CPU
		{0C0CD6D2-E937-420E-B57C-22C642FDDCE6}.Debug|x64.ActiveCfg = Debug|Any CPU
		{0C0CD6D2-E937-420E-B57C-22C642FDDCE6}.Debug|x64.Build.0 = Debug|Any CPU
		{0C0CD6D2-E937-420E-B57C-22C642FDDCE6}.Debug|x86.ActiveCfg = Debug|Any CPU
		{0C0CD6D2-E937-420E-B57C-22C642FDDCE6}.Debug|x86.Build.0 = Debug|Any CPU
		{0C0CD6D2-E937-420E-B57C-22C642FDDCE6}.Release|Any CPU.ActiveCfg = Release|Any CPU
		{0C0CD6D2-E937-420E-B57C-22C642FDDCE6}.Release|Any CPU.Build.0 = Release|Any CPU
		{0C0CD6D2-E937-420E-B57C-22C642FDDCE6}.Release|x64.ActiveCfg = Release|Any CPU
		{0C0CD6D2-E937-420E-B57C-22C642FDDCE6}.Release|x64.Build.0 = Release|Any CPU
		{0C0CD6D2-E937-420E-B57C-22C642FDDCE6}.Release|x86.ActiveCfg = Release|Any CPU
		{0C0CD6D2-E937-420E-B57C-22C642FDDCE6}.Release|x86.Build.0 = Release|Any CPU
		{D5C20613-C86E-453B-A7B8-C3C928E8FEAF}.Debug|Any CPU.ActiveCfg = Debug|Any CPU
		{D5C20613-C86E-453B-A7B8-C3C928E8FEAF}.Debug|Any CPU.Build.0 = Debug|Any CPU
		{D5C20613-C86E-453B-A7B8-C3C928E8FEAF}.Debug|x64.ActiveCfg = Debug|Any CPU
		{D5C20613-C86E-453B-A7B8-C3C928E8FEAF}.Debug|x64.Build.0 = Debug|Any CPU
		{D5C20613-C86E-453B-A7B8-C3C928E8FEAF}.Debug|x86.ActiveCfg = Debug|Any CPU
		{D5C20613-C86E-453B-A7B8-C3C928E8FEAF}.Debug|x86.Build.0 = Debug|Any CPU
		{D5C20613-C86E-453B-A7B8-C3C928E8FEAF}.Release|Any CPU.ActiveCfg = Release|Any CPU
		{D5C20613-C86E-453B-A7B8-C3C928E8FEAF}.Release|Any CPU.Build.0 = Release|Any CPU
		{D5C20613-C86E-453B-A7B8-C3C928E8FEAF}.Release|x64.ActiveCfg = Release|Any CPU
		{D5C20613-C86E-453B-A7B8-C3C928E8FEAF}.Release|x64.Build.0 = Release|Any CPU
		{D5C20613-C86E-453B-A7B8-C3C928E8FEAF}.Release|x86.ActiveCfg = Release|Any CPU
		{D5C20613-C86E-453B-A7B8-C3C928E8FEAF}.Release|x86.Build.0 = Release|Any CPU
		{9E629DC5-BEFC-4D79-8E6C-196DFDC6C67C}.Debug|Any CPU.ActiveCfg = Debug|Any CPU
		{9E629DC5-BEFC-4D79-8E6C-196DFDC6C67C}.Debug|Any CPU.Build.0 = Debug|Any CPU
		{9E629DC5-BEFC-4D79-8E6C-196DFDC6C67C}.Debug|x64.ActiveCfg = Debug|Any CPU
		{9E629DC5-BEFC-4D79-8E6C-196DFDC6C67C}.Debug|x64.Build.0 = Debug|Any CPU
		{9E629DC5-BEFC-4D79-8E6C-196DFDC6C67C}.Debug|x86.ActiveCfg = Debug|Any CPU
		{9E629DC5-BEFC-4D79-8E6C-196DFDC6C67C}.Debug|x86.Build.0 = Debug|Any CPU
		{9E629DC5-BEFC-4D79-8E6C-196DFDC6C67C}.Release|Any CPU.ActiveCfg = Release|Any CPU
		{9E629DC5-BEFC-4D79-8E6C-196DFDC6C67C}.Release|Any CPU.Build.0 = Release|Any CPU
		{9E629DC5-BEFC-4D79-8E6C-196DFDC6C67C}.Release|x64.ActiveCfg = Release|Any CPU
		{9E629DC5-BEFC-4D79-8E6C-196DFDC6C67C}.Release|x64.Build.0 = Release|Any CPU
		{9E629DC5-BEFC-4D79-8E6C-196DFDC6C67C}.Release|x86.ActiveCfg = Release|Any CPU
		{9E629DC5-BEFC-4D79-8E6C-196DFDC6C67C}.Release|x86.Build.0 = Release|Any CPU
	EndGlobalSection
EndGlobal
